
Microsoft Visual Studio Solution File, Format Version 11.00
# Visual Studio 2010
Project("{FAE04EC0-301F-11D3-BF4B-00C04F79EFBC}") = "Assembly-CSharp", "Assembly-CSharp.csproj", "{82FFDA88-6C45-D4ED-7CCC-610925F5A58C}"
EndProject
Project("{FAE04EC0-301F-11D3-BF4B-00C04F79EFBC}") = "Assembly-CSharp-firstpass", "Assembly-CSharp-firstpass.csproj", "{139BEBB3-6882-94A9-EEB6-EFE26E49BD38}"
EndProject
Global
	GlobalSection(SolutionConfigurationPlatforms) = preSolution
		Debug|Any CPU = Debug|Any CPU
		Release|Any CPU = Release|Any CPU
	EndGlobalSection
	GlobalSection(ProjectConfigurationPlatforms) = postSolution
		{82FFDA88-6C45-D4ED-7CCC-610925F5A58C}.Debug|Any CPU.ActiveCfg = Debug|Any CPU
		{82FFDA88-6C45-D4ED-7CCC-610925F5A58C}.Debug|Any CPU.Build.0 = Debug|Any CPU
		{82FFDA88-6C45-D4ED-7CCC-610925F5A58C}.Release|Any CPU.ActiveCfg = Release|Any CPU
		{82FFDA88-6C45-D4ED-7CCC-610925F5A58C}.Release|Any CPU.Build.0 = Release|Any CPU
		{139BEBB3-6882-94A9-EEB6-EFE26E49BD38}.Debug|Any CPU.ActiveCfg = Debug|Any CPU
		{139BEBB3-6882-94A9-EEB6-EFE26E49BD38}.Debug|Any CPU.Build.0 = Debug|Any CPU
		{139BEBB3-6882-94A9-EEB6-EFE26E49BD38}.Release|Any CPU.ActiveCfg = Release|Any CPU
		{139BEBB3-6882-94A9-EEB6-EFE26E49BD38}.Release|Any CPU.Build.0 = Release|Any CPU
	EndGlobalSection
	GlobalSection(SolutionProperties) = preSolution
		HideSolutionNode = FALSE
	EndGlobalSection
	GlobalSection(MonoDevelopProperties) = preSolution
		StartupItem = Assembly-CSharp.csproj
	EndGlobalSection
EndGlobal
